
Microsoft Visual Studio Solution File, Format Version 11.00
# Visual Studio 2010
Project("{FAE04EC0-301F-11D3-BF4B-00C04F79EFBC}") = "Assembly-CSharp", "Assembly-CSharp.csproj", "{A46CD958-1BD7-DC01-7BE5-2C50FA26BD65}"
EndProject
Project("{FAE04EC0-301F-11D3-BF4B-00C04F79EFBC}") = "Assembly-CSharp-firstpass", "Assembly-CSharp-firstpass.csproj", "{F4EEAE20-EA86-F727-8044-75CC6E1AF990}"
EndProject
Global
	GlobalSection(SolutionConfigurationPlatforms) = preSolution
		Debug|Any CPU = Debug|Any CPU
		Release|Any CPU = Release|Any CPU
	EndGlobalSection
	GlobalSection(ProjectConfigurationPlatforms) = postSolution
		{A46CD958-1BD7-DC01-7BE5-2C50FA26BD65}.Debug|Any CPU.ActiveCfg = Debug|Any CPU
		{A46CD958-1BD7-DC01-7BE5-2C50FA26BD65}.Debug|Any CPU.Build.0 = Debug|Any CPU
		{A46CD958-1BD7-DC01-7BE5-2C50FA26BD65}.Release|Any CPU.ActiveCfg = Release|Any CPU
		{A46CD958-1BD7-DC01-7BE5-2C50FA26BD65}.Release|Any CPU.Build.0 = Release|Any CPU
		{F4EEAE20-EA86-F727-8044-75CC6E1AF990}.Debug|Any CPU.ActiveCfg = Debug|Any CPU
		{F4EEAE20-EA86-F727-8044-75CC6E1AF990}.Debug|Any CPU.Build.0 = Debug|Any CPU
		{F4EEAE20-EA86-F727-8044-75CC6E1AF990}.Release|Any CPU.ActiveCfg = Release|Any CPU
		{F4EEAE20-EA86-F727-8044-75CC6E1AF990}.Release|Any CPU.Build.0 = Release|Any CPU
	EndGlobalSection
	GlobalSection(SolutionProperties) = preSolution
		HideSolutionNode = FALSE
	EndGlobalSection
EndGlobal
